
Microsoft Visual Studio Solution File, Format Version 12.00
# Visual Studio 15
VisualStudioVersion = 15.0.26124.0
MinimumVisualStudioVersion = 15.0.26124.0
Project("{2150E333-8FDC-42A3-9474-1A3956D46DE8}") = "Domain", "Domain", "{5D4827E0-EA4E-11EA-8051-03F1CF05068D}"
EndProject
Project("{2150E333-8FDC-42A3-9474-1A3956D46DE8}") = "Infrastructure.Bus", "Infrastructure.Bus", "{708CDD50-EA4E-11EA-8051-03F1CF05068D}"
EndProject
Project("{2150E333-8FDC-42A3-9474-1A3956D46DE8}") = "Infrastructure.IoC", "Infrastructure.IoC", "{74586440-EA4E-11EA-8051-03F1CF05068D}"
EndProject
Project("{2150E333-8FDC-42A3-9474-1A3956D46DE8}") = "Microservices", "Microservices", "{7DFF1840-EA4E-11EA-8051-03F1CF05068D}"
EndProject
Project("{2150E333-8FDC-42A3-9474-1A3956D46DE8}") = "Presentation", "Presentation", "{82E9A3C0-EA4E-11EA-8051-03F1CF05068D}"
EndProject
Project("{FAE04EC0-301F-11D3-BF4B-00C04F79EFBC}") = "MicroserviceWithRabbitMQ.Domain.Core", "Domain\MicroserviceWithRabbitMQ.Domain.Core\MicroserviceWithRabbitMQ.Domain.Core.csproj", "{D5584823-3C03-4101-87F6-94C3937BE410}"
EndProject
Project("{FAE04EC0-301F-11D3-BF4B-00C04F79EFBC}") = "MicroserviceWithRabbitMQ.Infrastructure.Bus", "Infrastructure.Bus\MicroserviceWithRabbitMQ.Infrastructure.Bus\MicroserviceWithRabbitMQ.Infrastructure.Bus.csproj", "{5E020B2B-261D-4D08-8DB0-3CC73ED86642}"
EndProject
Project("{FAE04EC0-301F-11D3-BF4B-00C04F79EFBC}") = "MicroserviceWithRabbitMQ.Infrastructure.IoC", "Infrastructure.IoC\MicroserviceWithRabbitMQ.Infrastructure.IoC\MicroserviceWithRabbitMQ.Infrastructure.IoC.csproj", "{7F802409-A5F7-47A8-87A7-69BC60F10FD0}"
EndProject
Global
	GlobalSection(SolutionConfigurationPlatforms) = preSolution
		Debug|Any CPU = Debug|Any CPU
		Debug|x64 = Debug|x64
		Debug|x86 = Debug|x86
		Release|Any CPU = Release|Any CPU
		Release|x64 = Release|x64
		Release|x86 = Release|x86
	EndGlobalSection
	GlobalSection(SolutionProperties) = preSolution
		HideSolutionNode = FALSE
	EndGlobalSection
	GlobalSection(ProjectConfigurationPlatforms) = postSolution
		{D5584823-3C03-4101-87F6-94C3937BE410}.Debug|Any CPU.ActiveCfg = Debug|Any CPU
		{D5584823-3C03-4101-87F6-94C3937BE410}.Debug|Any CPU.Build.0 = Debug|Any CPU
		{D5584823-3C03-4101-87F6-94C3937BE410}.Debug|x64.ActiveCfg = Debug|Any CPU
		{D5584823-3C03-4101-87F6-94C3937BE410}.Debug|x64.Build.0 = Debug|Any CPU
		{D5584823-3C03-4101-87F6-94C3937BE410}.Debug|x86.ActiveCfg = Debug|Any CPU
		{D5584823-3C03-4101-87F6-94C3937BE410}.Debug|x86.Build.0 = Debug|Any CPU
		{D5584823-3C03-4101-87F6-94C3937BE410}.Release|Any CPU.ActiveCfg = Release|Any CPU
		{D5584823-3C03-4101-87F6-94C3937BE410}.Release|Any CPU.Build.0 = Release|Any CPU
		{D5584823-3C03-4101-87F6-94C3937BE410}.Release|x64.ActiveCfg = Release|Any CPU
		{D5584823-3C03-4101-87F6-94C3937BE410}.Release|x64.Build.0 = Release|Any CPU
		{D5584823-3C03-4101-87F6-94C3937BE410}.Release|x86.ActiveCfg = Release|Any CPU
		{D5584823-3C03-4101-87F6-94C3937BE410}.Release|x86.Build.0 = Release|Any CPU
		{5E020B2B-261D-4D08-8DB0-3CC73ED86642}.Debug|Any CPU.ActiveCfg = Debug|Any CPU
		{5E020B2B-261D-4D08-8DB0-3CC73ED86642}.Debug|Any CPU.Build.0 = Debug|Any CPU
		{5E020B2B-261D-4D08-8DB0-3CC73ED86642}.Debug|x64.ActiveCfg = Debug|Any CPU
		{5E020B2B-261D-4D08-8DB0-3CC73ED86642}.Debug|x64.Build.0 = Debug|Any CPU
		{5E020B2B-261D-4D08-8DB0-3CC73ED86642}.Debug|x86.ActiveCfg = Debug|Any CPU
		{5E020B2B-261D-4D08-8DB0-3CC73ED86642}.Debug|x86.Build.0 = Debug|Any CPU
		{5E020B2B-261D-4D08-8DB0-3CC73ED86642}.Release|Any CPU.ActiveCfg = Release|Any CPU
		{5E020B2B-261D-4D08-8DB0-3CC73ED86642}.Release|Any CPU.Build.0 = Release|Any CPU
		{5E020B2B-261D-4D08-8DB0-3CC73ED86642}.Release|x64.ActiveCfg = Release|Any CPU
		{5E020B2B-261D-4D08-8DB0-3CC73ED86642}.Release|x64.Build.0 = Release|Any CPU
		{5E020B2B-261D-4D08-8DB0-3CC73ED86642}.Release|x86.ActiveCfg = Release|Any CPU
		{5E020B2B-261D-4D08-8DB0-3CC73ED86642}.Release|x86.Build.0 = Release|Any CPU
		{7F802409-A5F7-47A8-87A7-69BC60F10FD0}.Debug|Any CPU.ActiveCfg = Debug|Any CPU
		{7F802409-A5F7-47A8-87A7-69BC60F10FD0}.Debug|Any CPU.Build.0 = Debug|Any CPU
		{7F802409-A5F7-47A8-87A7-69BC60F10FD0}.Debug|x64.ActiveCfg = Debug|Any CPU
		{7F802409-A5F7-47A8-87A7-69BC60F10FD0}.Debug|x64.Build.0 = Debug|Any CPU
		{7F802409-A5F7-47A8-87A7-69BC60F10FD0}.Debug|x86.ActiveCfg = Debug|Any CPU
		{7F802409-A5F7-47A8-87A7-69BC60F10FD0}.Debug|x86.Build.0 = Debug|Any CPU
		{7F802409-A5F7-47A8-87A7-69BC60F10FD0}.Release|Any CPU.ActiveCfg = Release|Any CPU
		{7F802409-A5F7-47A8-87A7-69BC60F10FD0}.Release|Any CPU.Build.0 = Release|Any CPU
		{7F802409-A5F7-47A8-87A7-69BC60F10FD0}.Release|x64.ActiveCfg = Release|Any CPU
		{7F802409-A5F7-47A8-87A7-69BC60F10FD0}.Release|x64.Build.0 = Release|Any CPU
		{7F802409-A5F7-47A8-87A7-69BC60F10FD0}.Release|x86.ActiveCfg = Release|Any CPU
		{7F802409-A5F7-47A8-87A7-69BC60F10FD0}.Release|x86.Build.0 = Release|Any CPU
	EndGlobalSection
	GlobalSection(NestedProjects) = preSolution
		{D5584823-3C03-4101-87F6-94C3937BE410} = {5D4827E0-EA4E-11EA-8051-03F1CF05068D}
		{5E020B2B-261D-4D08-8DB0-3CC73ED86642} = {708CDD50-EA4E-11EA-8051-03F1CF05068D}
		{7F802409-A5F7-47A8-87A7-69BC60F10FD0} = {74586440-EA4E-11EA-8051-03F1CF05068D}
	EndGlobalSection
EndGlobal
